# This file is automatically @generated by Cargo.
# It is not intended for manual editing.
version = 4

[[package]]
name = "TODO"
version = "0.1.0"
dependencies = [
 "todo",
]

[[package]]
name = "todo"
version = "0.3.0"
source = "registry+https://github.com/rust-lang/crates.io-index"
checksum = "728445e4f419151230da8206285868aab4f4ef1842a024227d6636e5d9394ce3"
